
Microsoft Visual Studio Solution File, Format Version 12.00
# Visual Studio Version 17
VisualStudioVersion = 17.6.33927.249
MinimumVisualStudioVersion = 10.0.40219.1
Project("{FAE04EC0-301F-11D3-BF4B-00C04F79EFBC}") = "Method Class Assign.", "..\Method Class Assign\Method Class Assign\Method Class Assign..csproj", "{65D243D1-FB74-43BB-AF81-1682EDE2B94A}"
EndProject
Global
	GlobalSection(SolutionConfigurationPlatforms) = preSolution
		Debug|Any CPU = Debug|Any CPU
		Release|Any CPU = Release|Any CPU
	EndGlobalSection
	GlobalSection(ProjectConfigurationPlatforms) = postSolution
		{65D243D1-FB74-43BB-AF81-1682EDE2B94A}.Debug|Any CPU.ActiveCfg = Debug|Any CPU
		{65D243D1-FB74-43BB-AF81-1682EDE2B94A}.Debug|Any CPU.Build.0 = Debug|Any CPU
		{65D243D1-FB74-43BB-AF81-1682EDE2B94A}.Release|Any CPU.ActiveCfg = Release|Any CPU
		{65D243D1-FB74-43BB-AF81-1682EDE2B94A}.Release|Any CPU.Build.0 = Release|Any CPU
	EndGlobalSection
	GlobalSection(SolutionProperties) = preSolution
		HideSolutionNode = FALSE
	EndGlobalSection
	GlobalSection(ExtensibilityGlobals) = postSolution
		SolutionGuid = {C67DF99E-023B-47D2-A01F-2CE89B72341F}
	EndGlobalSection
EndGlobal
